# THIS IS AN AUTOGENERATED FILE. DO NOT EDIT THIS FILE DIRECTLY.
# yarn lockfile v1


"@assemblyscript/loader@^0.10.1":
  version "0.10.1"
  resolved "https://registry.nlark.com/@assemblyscript/loader/download/@assemblyscript/loader-0.10.1.tgz?cache=0&sync_timestamp=1624586117999&other_urls=https%3A%2F%2Fregistry.nlark.com%2F%40assemblyscript%2Floader%2Fdownload%2F%40assemblyscript%2Floader-0.10.1.tgz#70e45678f06c72fa2e350e8553ec4a4d72b92e06"
  integrity sha1-cORWePBscvouNQ6FU+xKTXK5LgY=

ansi-regex@^5.0.0:
  version "5.0.0"
  resolved "https://registry.npm.taobao.org/ansi-regex/download/ansi-regex-5.0.0.tgz?cache=0&sync_timestamp=1618553044693&other_urls=https%3A%2F%2Fregistry.npm.taobao.org%2Fansi-regex%2Fdownload%2Fansi-regex-5.0.0.tgz#388539f55179bf39339c81af30a654d69f87cb75"
  integrity sha1-OIU59VF5vzkznIGvMKZU1p+Hy3U=

ansi-styles@^4.1.0:
  version "4.3.0"
  resolved "https://registry.nlark.com/ansi-styles/download/ansi-styles-4.3.0.tgz?cache=0&sync_timestamp=1618995588464&other_urls=https%3A%2F%2Fregistry.nlark.com%2Fansi-styles%2Fdownload%2Fansi-styles-4.3.0.tgz#edd803628ae71c04c85ae7a0906edad34b648937"
  integrity sha1-7dgDYornHATIWuegkG7a00tkiTc=
  dependencies:
    color-convert "^2.0.1"

asynckit@^0.4.0:
  version "0.4.0"
  resolved "https://registry.npm.taobao.org/asynckit/download/asynckit-0.4.0.tgz#c79ed97f7f34cb8f2ba1bc9790bcc366474b4b79"
  integrity sha1-x57Zf380y48robyXkLzDZkdLS3k=

autocannon@^7.3.0:
  version "7.3.0"
  resolved "https://registry.nlark.com/autocannon/download/autocannon-7.3.0.tgz#8e52bb3f07926b573dcf401d3fe365393fbab808"
  integrity sha1-jlK7PweSa1c9z0AdP+NlOT+6uAg=
  dependencies:
    chalk "^4.1.0"
    char-spinner "^1.0.1"
    cli-table3 "^0.6.0"
    clone "^2.1.2"
    color-support "^1.1.1"
    cross-argv "^1.0.0"
    form-data "^4.0.0"
    has-async-hooks "^1.0.0"
    hdr-histogram-js "^2.0.1"
    hdr-histogram-percentiles-obj "^3.0.0"
    http-parser-js "^0.5.2"
    hyperid "^2.0.3"
    manage-path "^2.0.0"
    on-net-listen "^1.1.1"
    pretty-bytes "^5.4.1"
    progress "^2.0.3"
    reinterval "^1.1.0"
    retimer "^3.0.0"
    semver "^7.3.2"
    subarg "^1.0.0"
    timestring "^6.0.0"

axios@^0.21.1:
  version "0.21.1"
  resolved "https://registry.npm.taobao.org/axios/download/axios-0.21.1.tgz?cache=0&sync_timestamp=1608609324963&other_urls=https%3A%2F%2Fregistry.npm.taobao.org%2Faxios%2Fdownload%2Faxios-0.21.1.tgz#22563481962f4d6bde9a76d516ef0e5d3c09b2b8"
  integrity sha1-IlY0gZYvTWvemnbVFu8OXTwJsrg=
  dependencies:
    follow-redirects "^1.10.0"

base64-js@^1.2.0:
  version "1.5.1"
  resolved "https://registry.nlark.com/base64-js/download/base64-js-1.5.1.tgz#1b1b440160a5bf7ad40b650f095963481903930a"
  integrity sha1-GxtEAWClv3rUC2UPCVljSBkDkwo=

chalk@^4.1.0:
  version "4.1.1"
  resolved "https://registry.nlark.com/chalk/download/chalk-4.1.1.tgz#c80b3fab28bf6371e6863325eee67e618b77e6ad"
  integrity sha1-yAs/qyi/Y3HmhjMl7uZ+YYt35q0=
  dependencies:
    ansi-styles "^4.1.0"
    supports-color "^7.1.0"

char-spinner@^1.0.1:
  version "1.0.1"
  resolved "https://registry.npm.taobao.org/char-spinner/download/char-spinner-1.0.1.tgz#e6ea67bd247e107112983b7ab0479ed362800081"
  integrity sha1-5upnvSR+EHESmDt6sEee02KAAIE=

cli-table3@^0.6.0:
  version "0.6.0"
  resolved "https://registry.npm.taobao.org/cli-table3/download/cli-table3-0.6.0.tgz#b7b1bc65ca8e7b5cef9124e13dc2b21e2ce4faee"
  integrity sha1-t7G8ZcqOe1zvkSThPcKyHizk+u4=
  dependencies:
    object-assign "^4.1.0"
    string-width "^4.2.0"
  optionalDependencies:
    colors "^1.1.2"

clone@^2.1.2:
  version "2.1.2"
  resolved "https://registry.nlark.com/clone/download/clone-2.1.2.tgz#1b7f4b9f591f1e8f83670401600345a02887435f"
  integrity sha1-G39Ln1kfHo+DZwQBYANFoCiHQ18=

color-convert@^2.0.1:
  version "2.0.1"
  resolved "https://registry.nlark.com/color-convert/download/color-convert-2.0.1.tgz#72d3a68d598c9bdb3af2ad1e84f21d896abd4de3"
  integrity sha1-ctOmjVmMm9s68q0ehPIdiWq9TeM=
  dependencies:
    color-name "~1.1.4"

color-name@~1.1.4:
  version "1.1.4"
  resolved "https://registry.npm.taobao.org/color-name/download/color-name-1.1.4.tgz#c2a09a87acbde69543de6f63fa3995c826c536a2"
  integrity sha1-wqCah6y95pVD3m9j+jmVyCbFNqI=

color-support@^1.1.1:
  version "1.1.3"
  resolved "https://registry.npm.taobao.org/color-support/download/color-support-1.1.3.tgz#93834379a1cc9a0c61f82f52f0d04322251bd5a2"
  integrity sha1-k4NDeaHMmgxh+C9S8NBDIiUb1aI=

colors@^1.1.2:
  version "1.4.0"
  resolved "https://registry.npm.taobao.org/colors/download/colors-1.4.0.tgz#c50491479d4c1bdaed2c9ced32cf7c7dc2360f78"
  integrity sha1-xQSRR51MG9rtLJztMs98fcI2D3g=

combined-stream@^1.0.8:
  version "1.0.8"
  resolved "https://registry.nlark.com/combined-stream/download/combined-stream-1.0.8.tgz#c3d45a8b34fd730631a110a8a2520682b31d5a7f"
  integrity sha1-w9RaizT9cwYxoRCoolIGgrMdWn8=
  dependencies:
    delayed-stream "~1.0.0"

cross-argv@^1.0.0:
  version "1.0.0"
  resolved "https://registry.npm.taobao.org/cross-argv/download/cross-argv-1.0.0.tgz#e7221e9ff73092a80496c699c8c45efb20f6486c"
  integrity sha1-5yIen/cwkqgElsaZyMRe+yD2SGw=

delayed-stream@~1.0.0:
  version "1.0.0"
  resolved "https://registry.nlark.com/delayed-stream/download/delayed-stream-1.0.0.tgz#df3ae199acadfb7d440aaae0b29e2272b24ec619"
  integrity sha1-3zrhmayt+31ECqrgsp4icrJOxhk=

emoji-regex@^8.0.0:
  version "8.0.0"
  resolved "https://registry.nlark.com/emoji-regex/download/emoji-regex-8.0.0.tgz#e818fd69ce5ccfcb404594f842963bf53164cc37"
  integrity sha1-6Bj9ac5cz8tARZT4QpY79TFkzDc=

follow-redirects@^1.10.0:
  version "1.14.1"
  resolved "https://registry.nlark.com/follow-redirects/download/follow-redirects-1.14.1.tgz#d9114ded0a1cfdd334e164e6662ad02bfd91ff43"
  integrity sha1-2RFN7Qoc/dM04WTmZirQK/2R/0M=

form-data@^4.0.0:
  version "4.0.0"
  resolved "https://registry.nlark.com/form-data/download/form-data-4.0.0.tgz#93919daeaf361ee529584b9b31664dc12c9fa452"
  integrity sha1-k5Gdrq82HuUpWEubMWZNwSyfpFI=
  dependencies:
    asynckit "^0.4.0"
    combined-stream "^1.0.8"
    mime-types "^2.1.12"

has-async-hooks@^1.0.0:
  version "1.0.0"
  resolved "https://registry.npm.taobao.org/has-async-hooks/download/has-async-hooks-1.0.0.tgz#3df965ade8cd2d9dbfdacfbca3e0a5152baaf204"
  integrity sha1-PfllrejNLZ2/2s+8o+ClFSuq8gQ=

has-flag@^4.0.0:
  version "4.0.0"
  resolved "https://registry.npm.taobao.org/has-flag/download/has-flag-4.0.0.tgz#944771fd9c81c81265c4d6941860da06bb59479b"
  integrity sha1-lEdx/ZyByBJlxNaUGGDaBrtZR5s=

hdr-histogram-js@^2.0.1:
  version "2.0.1"
  resolved "https://registry.npm.taobao.org/hdr-histogram-js/download/hdr-histogram-js-2.0.1.tgz#ecb1ff2bcb6181c3e93ff4af9472c28c7e97284e"
  integrity sha1-7LH/K8thgcPpP/SvlHLCjH6XKE4=
  dependencies:
    "@assemblyscript/loader" "^0.10.1"
    base64-js "^1.2.0"
    pako "^1.0.3"

hdr-histogram-percentiles-obj@^3.0.0:
  version "3.0.0"
  resolved "https://registry.npm.taobao.org/hdr-histogram-percentiles-obj/download/hdr-histogram-percentiles-obj-3.0.0.tgz#9409f4de0c2dda78e61de2d9d78b1e9f3cba283c"
  integrity sha1-lAn03gwt2njmHeLZ14senzy6KDw=

http-parser-js@^0.5.2:
  version "0.5.3"
  resolved "https://registry.npm.taobao.org/http-parser-js/download/http-parser-js-0.5.3.tgz?cache=0&other_urls=https%3A%2F%2Fregistry.npm.taobao.org%2Fhttp-parser-js%2Fdownload%2Fhttp-parser-js-0.5.3.tgz#01d2709c79d41698bb01d4decc5e9da4e4a033d9"
  integrity sha1-AdJwnHnUFpi7AdTezF6dpOSgM9k=

hyperid@^2.0.3:
  version "2.1.0"
  resolved "https://registry.npm.taobao.org/hyperid/download/hyperid-2.1.0.tgz#2f5ed7537e87e8fddd344710a610be501b3d2da6"
  integrity sha1-L17XU36H6P3dNEcQphC+UBs9LaY=
  dependencies:
    uuid "^3.4.0"
    uuid-parse "^1.1.0"

is-fullwidth-code-point@^3.0.0:
  version "3.0.0"
  resolved "https://registry.nlark.com/is-fullwidth-code-point/download/is-fullwidth-code-point-3.0.0.tgz#f116f8064fe90b3f7844a38997c0b75051269f1d"
  integrity sha1-8Rb4Bk/pCz94RKOJl8C3UFEmnx0=

lru-cache@^6.0.0:
  version "6.0.0"
  resolved "https://registry.npm.taobao.org/lru-cache/download/lru-cache-6.0.0.tgz#6d6fe6570ebd96aaf90fcad1dafa3b2566db3a94"
  integrity sha1-bW/mVw69lqr5D8rR2vo7JWbbOpQ=
  dependencies:
    yallist "^4.0.0"

manage-path@^2.0.0:
  version "2.0.0"
  resolved "https://registry.npm.taobao.org/manage-path/download/manage-path-2.0.0.tgz#f4cf8457b926eeee2a83b173501414bc76eb9597"
  integrity sha1-9M+EV7km7u4qg7FzUBQUvHbrlZc=

mime-db@1.48.0:
  version "1.48.0"
  resolved "https://registry.nlark.com/mime-db/download/mime-db-1.48.0.tgz?cache=0&sync_timestamp=1622433556078&other_urls=https%3A%2F%2Fregistry.nlark.com%2Fmime-db%2Fdownload%2Fmime-db-1.48.0.tgz#e35b31045dd7eada3aaad537ed88a33afbef2d1d"
  integrity sha1-41sxBF3X6to6qtU37YijOvvvLR0=

mime-types@^2.1.12:
  version "2.1.31"
  resolved "https://registry.nlark.com/mime-types/download/mime-types-2.1.31.tgz?cache=0&sync_timestamp=1622569304088&other_urls=https%3A%2F%2Fregistry.nlark.com%2Fmime-types%2Fdownload%2Fmime-types-2.1.31.tgz#a00d76b74317c61f9c2db2218b8e9f8e9c5c9e6b"
  integrity sha1-oA12t0MXxh+cLbIhi46fjpxcnms=
  dependencies:
    mime-db "1.48.0"

minimist@^1.1.0:
  version "1.2.5"
  resolved "https://registry.npm.taobao.org/minimist/download/minimist-1.2.5.tgz#67d66014b66a6a8aaa0c083c5fd58df4e4e97602"
  integrity sha1-Z9ZgFLZqaoqqDAg8X9WN9OTpdgI=

object-assign@^4.1.0:
  version "4.1.1"
  resolved "https://registry.nlark.com/object-assign/download/object-assign-4.1.1.tgz?cache=0&sync_timestamp=1618847240432&other_urls=https%3A%2F%2Fregistry.nlark.com%2Fobject-assign%2Fdownload%2Fobject-assign-4.1.1.tgz#2109adc7965887cfc05cbbd442cac8bfbb360863"
  integrity sha1-IQmtx5ZYh8/AXLvUQsrIv7s2CGM=

on-net-listen@^1.1.1:
  version "1.1.2"
  resolved "https://registry.npm.taobao.org/on-net-listen/download/on-net-listen-1.1.2.tgz#671e55a81c910fa7e5b1e4d506545e9ea0f2e11c"
  integrity sha1-Zx5VqByRD6flseTVBlRenqDy4Rw=

pako@^1.0.3:
  version "1.0.11"
  resolved "https://registry.nlark.com/pako/download/pako-1.0.11.tgz#6c9599d340d54dfd3946380252a35705a6b992bf"
  integrity sha1-bJWZ00DVTf05RjgCUqNXBaa5kr8=

pretty-bytes@^5.4.1:
  version "5.6.0"
  resolved "https://registry.nlark.com/pretty-bytes/download/pretty-bytes-5.6.0.tgz#356256f643804773c82f64723fe78c92c62beaeb"
  integrity sha1-NWJW9kOAR3PIL2RyP+eMksYr6us=

progress@^2.0.3:
  version "2.0.3"
  resolved "https://registry.nlark.com/progress/download/progress-2.0.3.tgz#7e8cf8d8f5b8f239c1bc68beb4eb78567d572ef8"
  integrity sha1-foz42PW48jnBvGi+tOt4Vn1XLvg=

reinterval@^1.1.0:
  version "1.1.0"
  resolved "https://registry.npm.taobao.org/reinterval/download/reinterval-1.1.0.tgz#3361ecfa3ca6c18283380dd0bb9546f390f5ece7"
  integrity sha1-M2Hs+jymwYKDOA3Qu5VG85D17Oc=

retimer@^3.0.0:
  version "3.0.0"
  resolved "https://registry.npm.taobao.org/retimer/download/retimer-3.0.0.tgz?cache=0&sync_timestamp=1614844350597&other_urls=https%3A%2F%2Fregistry.npm.taobao.org%2Fretimer%2Fdownload%2Fretimer-3.0.0.tgz#98b751b1feaf1af13eb0228f8ea68b8f9da530df"
  integrity sha1-mLdRsf6vGvE+sCKPjqaLj52lMN8=

semver@^7.3.2:
  version "7.3.5"
  resolved "https://registry.nlark.com/semver/download/semver-7.3.5.tgz?cache=0&sync_timestamp=1618846864940&other_urls=https%3A%2F%2Fregistry.nlark.com%2Fsemver%2Fdownload%2Fsemver-7.3.5.tgz#0b621c879348d8998e4b0e4be94b3f12e6018ef7"
  integrity sha1-C2Ich5NI2JmOSw5L6Us/EuYBjvc=
  dependencies:
    lru-cache "^6.0.0"

string-width@^4.2.0:
  version "4.2.2"
  resolved "https://registry.nlark.com/string-width/download/string-width-4.2.2.tgz#dafd4f9559a7585cfba529c6a0a4f73488ebd4c5"
  integrity sha1-2v1PlVmnWFz7pSnGoKT3NIjr1MU=
  dependencies:
    emoji-regex "^8.0.0"
    is-fullwidth-code-point "^3.0.0"
    strip-ansi "^6.0.0"

strip-ansi@^6.0.0:
  version "6.0.0"
  resolved "https://registry.nlark.com/strip-ansi/download/strip-ansi-6.0.0.tgz#0b1571dd7669ccd4f3e06e14ef1eed26225ae532"
  integrity sha1-CxVx3XZpzNTz4G4U7x7tJiJa5TI=
  dependencies:
    ansi-regex "^5.0.0"

subarg@^1.0.0:
  version "1.0.0"
  resolved "https://registry.npm.taobao.org/subarg/download/subarg-1.0.0.tgz#f62cf17581e996b48fc965699f54c06ae268b8d2"
  integrity sha1-9izxdYHplrSPyWVpn1TAauJouNI=
  dependencies:
    minimist "^1.1.0"

supports-color@^7.1.0:
  version "7.2.0"
  resolved "https://registry.nlark.com/supports-color/download/supports-color-7.2.0.tgz?cache=0&sync_timestamp=1622293579301&other_urls=https%3A%2F%2Fregistry.nlark.com%2Fsupports-color%2Fdownload%2Fsupports-color-7.2.0.tgz#1b7dcdcb32b8138801b3e478ba6a51caa89648da"
  integrity sha1-G33NyzK4E4gBs+R4umpRyqiWSNo=
  dependencies:
    has-flag "^4.0.0"

timestring@^6.0.0:
  version "6.0.0"
  resolved "https://registry.npm.taobao.org/timestring/download/timestring-6.0.0.tgz#b0c7c331981ecf2066ce88bcfb8ee3ae32e7a0f6"
  integrity sha1-sMfDMZgezyBmzoi8+47jrjLnoPY=

uuid-parse@^1.1.0:
  version "1.1.0"
  resolved "https://registry.npm.taobao.org/uuid-parse/download/uuid-parse-1.1.0.tgz#7061c5a1384ae0e1f943c538094597e1b5f3a65b"
  integrity sha1-cGHFoThK4OH5Q8U4CUWX4bXzpls=

uuid@^3.4.0:
  version "3.4.0"
  resolved "https://registry.nlark.com/uuid/download/uuid-3.4.0.tgz#b23e4358afa8a202fe7a100af1f5f883f02007ee"
  integrity sha1-sj5DWK+oogL+ehAK8fX4g/AgB+4=

yallist@^4.0.0:
  version "4.0.0"
  resolved "https://registry.nlark.com/yallist/download/yallist-4.0.0.tgz#9bb92790d9c0effec63be73519e11a35019a3a72"
  integrity sha1-m7knkNnA7/7GO+c1GeEaNQGaOnI=
